
Microsoft Visual Studio Solution File, Format Version 12.00
# Visual Studio Version 17
VisualStudioVersion = 17.10.35027.167
MinimumVisualStudioVersion = 10.0.40219.1
Project("{FAE04EC0-301F-11D3-BF4B-00C04F79EFBC}") = "Basic_MVC", "Basic_MVC\Basic_MVC.csproj", "{D5FA556B-4D05-479A-94B0-FA78E6B0DC2A}"
EndProject
Global
	GlobalSection(SolutionConfigurationPlatforms) = preSolution
		Debug|Any CPU = Debug|Any CPU
		Release|Any CPU = Release|Any CPU
	EndGlobalSection
	GlobalSection(ProjectConfigurationPlatforms) = postSolution
		{D5FA556B-4D05-479A-94B0-FA78E6B0DC2A}.Debug|Any CPU.ActiveCfg = Debug|Any CPU
		{D5FA556B-4D05-479A-94B0-FA78E6B0DC2A}.Debug|Any CPU.Build.0 = Debug|Any CPU
		{D5FA556B-4D05-479A-94B0-FA78E6B0DC2A}.Release|Any CPU.ActiveCfg = Release|Any CPU
		{D5FA556B-4D05-479A-94B0-FA78E6B0DC2A}.Release|Any CPU.Build.0 = Release|Any CPU
	EndGlobalSection
	GlobalSection(SolutionProperties) = preSolution
		HideSolutionNode = FALSE
	EndGlobalSection
	GlobalSection(ExtensibilityGlobals) = postSolution
		SolutionGuid = {502C5215-6AF0-43A2-AA38-7EF81D523CE5}
	EndGlobalSection
EndGlobal
